
Microsoft Visual Studio Solution File, Format Version 12.00
# Visual Studio Version 17
VisualStudioVersion = 17.5.33424.131
MinimumVisualStudioVersion = 10.0.40219.1
Project("{FAE04EC0-301F-11D3-BF4B-00C04F79EFBC}") = "JumpServer", "JumpServer.csproj", "{C5FBCA08-0C38-4860-B012-51E6B4A1FE1B}"
EndProject
Global
	GlobalSection(SolutionConfigurationPlatforms) = preSolution
		Debug|Any CPU = Debug|Any CPU
		Release|Any CPU = Release|Any CPU
	EndGlobalSection
	GlobalSection(ProjectConfigurationPlatforms) = postSolution
		{C5FBCA08-0C38-4860-B012-51E6B4A1FE1B}.Debug|Any CPU.ActiveCfg = Debug|Any CPU
		{C5FBCA08-0C38-4860-B012-51E6B4A1FE1B}.Debug|Any CPU.Build.0 = Debug|Any CPU
		{C5FBCA08-0C38-4860-B012-51E6B4A1FE1B}.Release|Any CPU.ActiveCfg = Release|Any CPU
		{C5FBCA08-0C38-4860-B012-51E6B4A1FE1B}.Release|Any CPU.Build.0 = Release|Any CPU
	EndGlobalSection
	GlobalSection(SolutionProperties) = preSolution
		HideSolutionNode = FALSE
	EndGlobalSection
	GlobalSection(ExtensibilityGlobals) = postSolution
		SolutionGuid = {4A2D881A-EAC6-4B37-B366-0E6DC5D3D48A}
	EndGlobalSection
EndGlobal
